
Microsoft Visual Studio Solution File, Format Version 11.00
# Visual Studio 2010
Project("{FAE04EC0-301F-11D3-BF4B-00C04F79EFBC}") = "IranGDC_2017", "Assembly-CSharp-firstpass.csproj", "{1F1570C8-6234-90E2-4D67-7B27F139E152}"
EndProject
Project("{FAE04EC0-301F-11D3-BF4B-00C04F79EFBC}") = "IranGDC_2017", "Assembly-CSharp.csproj", "{822DBCE9-D01B-5114-FFC6-703BEA666D1C}"
EndProject
Project("{FAE04EC0-301F-11D3-BF4B-00C04F79EFBC}") = "IranGDC_2017", "Assembly-CSharp-Editor.csproj", "{AB8E2A64-DC95-85DF-B4E0-3BA42A0B0ABE}"
EndProject
Global
	GlobalSection(SolutionConfigurationPlatforms) = preSolution
		Debug|Any CPU = Debug|Any CPU
		Release|Any CPU = Release|Any CPU
	EndGlobalSection
	GlobalSection(ProjectConfigurationPlatforms) = postSolution
		{1F1570C8-6234-90E2-4D67-7B27F139E152}.Debug|Any CPU.ActiveCfg = Debug|Any CPU
		{1F1570C8-6234-90E2-4D67-7B27F139E152}.Debug|Any CPU.Build.0 = Debug|Any CPU
		{1F1570C8-6234-90E2-4D67-7B27F139E152}.Release|Any CPU.ActiveCfg = Release|Any CPU
		{1F1570C8-6234-90E2-4D67-7B27F139E152}.Release|Any CPU.Build.0 = Release|Any CPU
		{822DBCE9-D01B-5114-FFC6-703BEA666D1C}.Debug|Any CPU.ActiveCfg = Debug|Any CPU
		{822DBCE9-D01B-5114-FFC6-703BEA666D1C}.Debug|Any CPU.Build.0 = Debug|Any CPU
		{822DBCE9-D01B-5114-FFC6-703BEA666D1C}.Release|Any CPU.ActiveCfg = Release|Any CPU
		{822DBCE9-D01B-5114-FFC6-703BEA666D1C}.Release|Any CPU.Build.0 = Release|Any CPU
		{AB8E2A64-DC95-85DF-B4E0-3BA42A0B0ABE}.Debug|Any CPU.ActiveCfg = Debug|Any CPU
		{AB8E2A64-DC95-85DF-B4E0-3BA42A0B0ABE}.Debug|Any CPU.Build.0 = Debug|Any CPU
		{AB8E2A64-DC95-85DF-B4E0-3BA42A0B0ABE}.Release|Any CPU.ActiveCfg = Release|Any CPU
		{AB8E2A64-DC95-85DF-B4E0-3BA42A0B0ABE}.Release|Any CPU.Build.0 = Release|Any CPU
	EndGlobalSection
	GlobalSection(SolutionProperties) = preSolution
		HideSolutionNode = FALSE
	EndGlobalSection
	GlobalSection(MonoDevelopProperties) = preSolution
		StartupItem = Assembly-CSharp.csproj
	EndGlobalSection
EndGlobal
